
Microsoft Visual Studio Solution File, Format Version 12.00
# Visual Studio Version 17
VisualStudioVersion = 17.11.35431.28
MinimumVisualStudioVersion = 10.0.40219.1
Project("{FAE04EC0-301F-11D3-BF4B-00C04F79EFBC}") = "pr2222", "pr2222.csproj", "{3ECCD709-1F30-4B99-9D26-8DE5B460CCF6}"
EndProject
Global
	GlobalSection(SolutionConfigurationPlatforms) = preSolution
		Debug|Any CPU = Debug|Any CPU
		Release|Any CPU = Release|Any CPU
	EndGlobalSection
	GlobalSection(ProjectConfigurationPlatforms) = postSolution
		{3ECCD709-1F30-4B99-9D26-8DE5B460CCF6}.Debug|Any CPU.ActiveCfg = Debug|Any CPU
		{3ECCD709-1F30-4B99-9D26-8DE5B460CCF6}.Debug|Any CPU.Build.0 = Debug|Any CPU
		{3ECCD709-1F30-4B99-9D26-8DE5B460CCF6}.Release|Any CPU.ActiveCfg = Release|Any CPU
		{3ECCD709-1F30-4B99-9D26-8DE5B460CCF6}.Release|Any CPU.Build.0 = Release|Any CPU
	EndGlobalSection
	GlobalSection(SolutionProperties) = preSolution
		HideSolutionNode = FALSE
	EndGlobalSection
	GlobalSection(ExtensibilityGlobals) = postSolution
		SolutionGuid = {0A8D043E-881D-44FA-BD6C-C5939DEE563D}
	EndGlobalSection
EndGlobal
